
Microsoft Visual Studio Solution File, Format Version 12.00
# Visual Studio Version 16
VisualStudioVersion = 16.0.30611.23
MinimumVisualStudioVersion = 10.0.40219.1
Project("{9A19103F-16F7-4668-BE54-9A1E7A4F7556}") = "FTServer.Core", "src\FTServer.Core\FTServer.Core.csproj", "{201512B9-F296-4F24-9609-50DD9D5FC717}"
EndProject
Project("{9A19103F-16F7-4668-BE54-9A1E7A4F7556}") = "FTServer.Authentication.Core", "src\FTServer.Authentication.Core\FTServer.Authentication.Core.csproj", "{2A448D7D-5933-4B01-98BE-1A8786162F9C}"
EndProject
Project("{9A19103F-16F7-4668-BE54-9A1E7A4F7556}") = "FTServer.Game.Core", "src\FTServer.Game.Core\FTServer.Game.Core.csproj", "{2F64529E-C293-46A8-B66D-6CE9B67717BD}"
EndProject
Project("{9A19103F-16F7-4668-BE54-9A1E7A4F7556}") = "FTServer.Relay.Core", "src\FTServer.Relay.Core\FTServer.Relay.Core.csproj", "{999F52D7-CCF2-4C02-B324-5526ACC80439}"
EndProject
Project("{9A19103F-16F7-4668-BE54-9A1E7A4F7556}") = "FTServer.Service.Windows", "src\FTServer.Service.Windows\FTServer.Service.Windows.csproj", "{662162E8-EA71-454D-BF4A-A12973B613FB}"
EndProject
Project("{2150E333-8FDC-42A3-9474-1A3956D46DE8}") = "src", "src", "{5A4473B5-731B-4864-A609-FD4C1668851B}"
EndProject
Project("{9A19103F-16F7-4668-BE54-9A1E7A4F7556}") = "FTServer.Database.Core", "src\FTServer.Database.Core\FTServer.Database.Core.csproj", "{0AF14AAE-38FF-4C5E-954F-AAAB5549514E}"
EndProject
Project("{9A19103F-16F7-4668-BE54-9A1E7A4F7556}") = "FTServer.Database.MySql", "src\FTServer.Database.MySql\FTServer.Database.MySql.csproj", "{338B16ED-F7B8-41E5-AF1E-36F248A21A40}"
EndProject
Project("{9A19103F-16F7-4668-BE54-9A1E7A4F7556}") = "FTServer", "src\FTServer\FTServer.csproj", "{EB155612-69A6-4C5E-AA29-9CF38066023C}"
EndProject
Project("{9A19103F-16F7-4668-BE54-9A1E7A4F7556}") = "FTServer.Database.Migrator", "src\FTServer.Database.Migrator\FTServer.Database.Migrator.csproj", "{3AAEDDB8-2AFE-4F42-9BE3-05B51A7C7487}"
EndProject
Project("{9A19103F-16F7-4668-BE54-9A1E7A4F7556}") = "FTServer.Database.Model", "src\FTServer.Database.Model\FTServer.Database.Model.csproj", "{013D9A81-5A03-44B3-ADF0-F250257E3FFF}"
EndProject
Project("{2150E333-8FDC-42A3-9474-1A3956D46DE8}") = "database", "database", "{D3D7C6F5-4BA3-4B08-96BE-F4A53B0521E8}"
EndProject
Project("{2150E333-8FDC-42A3-9474-1A3956D46DE8}") = "servers", "servers", "{8758EFAD-E480-4ABB-A98D-DEF8CB553DD6}"
EndProject
Project("{2150E333-8FDC-42A3-9474-1A3956D46DE8}") = "core", "core", "{01C3F530-65D5-4273-A521-67F2A01BD9BA}"
EndProject
Project("{9A19103F-16F7-4668-BE54-9A1E7A4F7556}") = "FTServer.Contracts", "src\FTServer.Contracts\FTServer.Contracts.csproj", "{2C0F4D99-6C58-4C4F-8599-38E964DBEF3A}"
EndProject
Project("{9A19103F-16F7-4668-BE54-9A1E7A4F7556}") = "FTServer.Security", "src\FTServer.Security\FTServer.Security.csproj", "{42E194E0-2573-4304-AE36-02FC31E6AD4F}"
EndProject
Project("{FAE04EC0-301F-11D3-BF4B-00C04F79EFBC}") = "FTServer.Network", "src\FTServer.Network\FTServer.Network.csproj", "{29650499-2642-4CED-A2D9-AA504BDF12F1}"
EndProject
Global
	GlobalSection(SolutionConfigurationPlatforms) = preSolution
		Debug|Any CPU = Debug|Any CPU
		Release|Any CPU = Release|Any CPU
	EndGlobalSection
	GlobalSection(ProjectConfigurationPlatforms) = postSolution
		{201512B9-F296-4F24-9609-50DD9D5FC717}.Debug|Any CPU.ActiveCfg = Debug|Any CPU
		{201512B9-F296-4F24-9609-50DD9D5FC717}.Debug|Any CPU.Build.0 = Debug|Any CPU
		{201512B9-F296-4F24-9609-50DD9D5FC717}.Release|Any CPU.ActiveCfg = Release|Any CPU
		{201512B9-F296-4F24-9609-50DD9D5FC717}.Release|Any CPU.Build.0 = Release|Any CPU
		{2A448D7D-5933-4B01-98BE-1A8786162F9C}.Debug|Any CPU.ActiveCfg = Debug|Any CPU
		{2A448D7D-5933-4B01-98BE-1A8786162F9C}.Debug|Any CPU.Build.0 = Debug|Any CPU
		{2A448D7D-5933-4B01-98BE-1A8786162F9C}.Release|Any CPU.ActiveCfg = Release|Any CPU
		{2A448D7D-5933-4B01-98BE-1A8786162F9C}.Release|Any CPU.Build.0 = Release|Any CPU
		{2F64529E-C293-46A8-B66D-6CE9B67717BD}.Debug|Any CPU.ActiveCfg = Debug|Any CPU
		{2F64529E-C293-46A8-B66D-6CE9B67717BD}.Debug|Any CPU.Build.0 = Debug|Any CPU
		{2F64529E-C293-46A8-B66D-6CE9B67717BD}.Release|Any CPU.ActiveCfg = Release|Any CPU
		{2F64529E-C293-46A8-B66D-6CE9B67717BD}.Release|Any CPU.Build.0 = Release|Any CPU
		{999F52D7-CCF2-4C02-B324-5526ACC80439}.Debug|Any CPU.ActiveCfg = Debug|Any CPU
		{999F52D7-CCF2-4C02-B324-5526ACC80439}.Debug|Any CPU.Build.0 = Debug|Any CPU
		{999F52D7-CCF2-4C02-B324-5526ACC80439}.Release|Any CPU.ActiveCfg = Release|Any CPU
		{999F52D7-CCF2-4C02-B324-5526ACC80439}.Release|Any CPU.Build.0 = Release|Any CPU
		{662162E8-EA71-454D-BF4A-A12973B613FB}.Debug|Any CPU.ActiveCfg = Debug|Any CPU
		{662162E8-EA71-454D-BF4A-A12973B613FB}.Debug|Any CPU.Build.0 = Debug|Any CPU
		{662162E8-EA71-454D-BF4A-A12973B613FB}.Release|Any CPU.ActiveCfg = Release|Any CPU
		{662162E8-EA71-454D-BF4A-A12973B613FB}.Release|Any CPU.Build.0 = Release|Any CPU
		{0AF14AAE-38FF-4C5E-954F-AAAB5549514E}.Debug|Any CPU.ActiveCfg = Debug|Any CPU
		{0AF14AAE-38FF-4C5E-954F-AAAB5549514E}.Debug|Any CPU.Build.0 = Debug|Any CPU
		{0AF14AAE-38FF-4C5E-954F-AAAB5549514E}.Release|Any CPU.ActiveCfg = Release|Any CPU
		{0AF14AAE-38FF-4C5E-954F-AAAB5549514E}.Release|Any CPU.Build.0 = Release|Any CPU
		{338B16ED-F7B8-41E5-AF1E-36F248A21A40}.Debug|Any CPU.ActiveCfg = Debug|Any CPU
		{338B16ED-F7B8-41E5-AF1E-36F248A21A40}.Debug|Any CPU.Build.0 = Debug|Any CPU
		{338B16ED-F7B8-41E5-AF1E-36F248A21A40}.Release|Any CPU.ActiveCfg = Release|Any CPU
		{338B16ED-F7B8-41E5-AF1E-36F248A21A40}.Release|Any CPU.Build.0 = Release|Any CPU
		{EB155612-69A6-4C5E-AA29-9CF38066023C}.Debug|Any CPU.ActiveCfg = Debug|Any CPU
		{EB155612-69A6-4C5E-AA29-9CF38066023C}.Debug|Any CPU.Build.0 = Debug|Any CPU
		{EB155612-69A6-4C5E-AA29-9CF38066023C}.Release|Any CPU.ActiveCfg = Release|Any CPU
		{EB155612-69A6-4C5E-AA29-9CF38066023C}.Release|Any CPU.Build.0 = Release|Any CPU
		{3AAEDDB8-2AFE-4F42-9BE3-05B51A7C7487}.Debug|Any CPU.ActiveCfg = Debug|Any CPU
		{3AAEDDB8-2AFE-4F42-9BE3-05B51A7C7487}.Debug|Any CPU.Build.0 = Debug|Any CPU
		{3AAEDDB8-2AFE-4F42-9BE3-05B51A7C7487}.Release|Any CPU.ActiveCfg = Release|Any CPU
		{3AAEDDB8-2AFE-4F42-9BE3-05B51A7C7487}.Release|Any CPU.Build.0 = Release|Any CPU
		{013D9A81-5A03-44B3-ADF0-F250257E3FFF}.Debug|Any CPU.ActiveCfg = Debug|Any CPU
		{013D9A81-5A03-44B3-ADF0-F250257E3FFF}.Debug|Any CPU.Build.0 = Debug|Any CPU
		{013D9A81-5A03-44B3-ADF0-F250257E3FFF}.Release|Any CPU.ActiveCfg = Release|Any CPU
		{013D9A81-5A03-44B3-ADF0-F250257E3FFF}.Release|Any CPU.Build.0 = Release|Any CPU
		{2C0F4D99-6C58-4C4F-8599-38E964DBEF3A}.Debug|Any CPU.ActiveCfg = Debug|Any CPU
		{2C0F4D99-6C58-4C4F-8599-38E964DBEF3A}.Debug|Any CPU.Build.0 = Debug|Any CPU
		{2C0F4D99-6C58-4C4F-8599-38E964DBEF3A}.Release|Any CPU.ActiveCfg = Release|Any CPU
		{2C0F4D99-6C58-4C4F-8599-38E964DBEF3A}.Release|Any CPU.Build.0 = Release|Any CPU
		{42E194E0-2573-4304-AE36-02FC31E6AD4F}.Debug|Any CPU.ActiveCfg = Debug|Any CPU
		{42E194E0-2573-4304-AE36-02FC31E6AD4F}.Debug|Any CPU.Build.0 = Debug|Any CPU
		{42E194E0-2573-4304-AE36-02FC31E6AD4F}.Release|Any CPU.ActiveCfg = Release|Any CPU
		{42E194E0-2573-4304-AE36-02FC31E6AD4F}.Release|Any CPU.Build.0 = Release|Any CPU
		{29650499-2642-4CED-A2D9-AA504BDF12F1}.Debug|Any CPU.ActiveCfg = Debug|Any CPU
		{29650499-2642-4CED-A2D9-AA504BDF12F1}.Debug|Any CPU.Build.0 = Debug|Any CPU
		{29650499-2642-4CED-A2D9-AA504BDF12F1}.Release|Any CPU.ActiveCfg = Release|Any CPU
		{29650499-2642-4CED-A2D9-AA504BDF12F1}.Release|Any CPU.Build.0 = Release|Any CPU
	EndGlobalSection
	GlobalSection(SolutionProperties) = preSolution
		HideSolutionNode = FALSE
	EndGlobalSection
	GlobalSection(NestedProjects) = preSolution
		{201512B9-F296-4F24-9609-50DD9D5FC717} = {01C3F530-65D5-4273-A521-67F2A01BD9BA}
		{2A448D7D-5933-4B01-98BE-1A8786162F9C} = {8758EFAD-E480-4ABB-A98D-DEF8CB553DD6}
		{2F64529E-C293-46A8-B66D-6CE9B67717BD} = {8758EFAD-E480-4ABB-A98D-DEF8CB553DD6}
		{999F52D7-CCF2-4C02-B324-5526ACC80439} = {8758EFAD-E480-4ABB-A98D-DEF8CB553DD6}
		{662162E8-EA71-454D-BF4A-A12973B613FB} = {5A4473B5-731B-4864-A609-FD4C1668851B}
		{0AF14AAE-38FF-4C5E-954F-AAAB5549514E} = {D3D7C6F5-4BA3-4B08-96BE-F4A53B0521E8}
		{338B16ED-F7B8-41E5-AF1E-36F248A21A40} = {D3D7C6F5-4BA3-4B08-96BE-F4A53B0521E8}
		{EB155612-69A6-4C5E-AA29-9CF38066023C} = {01C3F530-65D5-4273-A521-67F2A01BD9BA}
		{3AAEDDB8-2AFE-4F42-9BE3-05B51A7C7487} = {D3D7C6F5-4BA3-4B08-96BE-F4A53B0521E8}
		{013D9A81-5A03-44B3-ADF0-F250257E3FFF} = {D3D7C6F5-4BA3-4B08-96BE-F4A53B0521E8}
		{D3D7C6F5-4BA3-4B08-96BE-F4A53B0521E8} = {5A4473B5-731B-4864-A609-FD4C1668851B}
		{8758EFAD-E480-4ABB-A98D-DEF8CB553DD6} = {5A4473B5-731B-4864-A609-FD4C1668851B}
		{01C3F530-65D5-4273-A521-67F2A01BD9BA} = {5A4473B5-731B-4864-A609-FD4C1668851B}
		{2C0F4D99-6C58-4C4F-8599-38E964DBEF3A} = {01C3F530-65D5-4273-A521-67F2A01BD9BA}
		{42E194E0-2573-4304-AE36-02FC31E6AD4F} = {01C3F530-65D5-4273-A521-67F2A01BD9BA}
		{29650499-2642-4CED-A2D9-AA504BDF12F1} = {01C3F530-65D5-4273-A521-67F2A01BD9BA}
	EndGlobalSection
	GlobalSection(ExtensibilityGlobals) = postSolution
		SolutionGuid = {E2DBB02E-793C-49CF-B939-A8172EFF4252}
	EndGlobalSection
EndGlobal
